{
  "originHash" : "be596905e0aae3398350a4a426bf1d5de91a32b10c48d978c547c83f1ffac9cb",
  "pins" : [
    {
      "identity" : "app-check",
      "kind" : "remoteSourceControl",
      "location" : "https://github.com/google/app-check.git",
      "state" : {
        "revision" : "61b85103a1aeed8218f17c794687781505fbbef5",
        "version" : "11.2.0"
      }
    },
    {
      "identity" : "appauth-ios",
      "kind" : "remoteSourceControl",
      "location" : "https://github.com/openid/AppAuth-iOS.git",
      "state" : {
        "revision" : "145104f5ea9d58ae21b60add007c33c1cc0c948e",
        "version" : "2.0.0"
      }
    },
    {
      "identity" : "googlesignin-ios",
      "kind" : "remoteSourceControl",
      "location" : "https://github.com/google/GoogleSignIn-iOS.git",
      "state" : {
        "revision" : "913b4005ea26aebe1c97d54e35ad82a515924c71",
        "version" : "9.1.0"
      }
    },
    {
      "identity" : "googleutilities",
      "kind" : "remoteSourceControl",
      "location" : "https://github.com/google/GoogleUtilities.git",
      "state" : {
        "revision" : "60da361632d0de02786f709bdc0c4df340f7613e",
        "version" : "8.1.0"
      }
    },
    {
      "identity" : "gtm-session-fetcher",
      "kind" : "remoteSourceControl",
      "location" : "https://github.com/google/gtm-session-fetcher.git",
      "state" : {
        "revision" : "a2ab612cb980066ee56d90d60d8462992c07f24b",
        "version" : "3.5.0"
      }
    },
    {
      "identity" : "gtmappauth",
      "kind" : "remoteSourceControl",
      "location" : "https://github.com/google/GTMAppAuth.git",
      "state" : {
        "revision" : "56e0ccf09a6dd29dc7e68bdf729598240ca8aa16",
        "version" : "5.0.0"
      }
    },
    {
      "identity" : "promises",
      "kind" : "remoteSourceControl",
      "location" : "https://github.com/google/promises.git",
      "state" : {
        "revision" : "540318ecedd63d883069ae7f1ed811a2df00b6ac",
        "version" : "2.4.0"
      }
    },
    {
      "identity" : "rioapplesignin",
      "kind" : "remoteSourceControl",
      "location" : "git@github.com:RouraIO/RIOAppleSignIn.git",
      "state" : {
        "revision" : "99fde754ba1481065915905aee166d39a47fea74",
        "version" : "1.1.0"
      }
    },
    {
      "identity" : "riodesign.system",
      "kind" : "remoteSourceControl",
      "location" : "git@github.com:Roura-io/riodesign.system.git",
      "state" : {
        "revision" : "bb8cda3081e7679c7f06d1df376b54cda1e17f07",
        "version" : "0.0.27"
      }
    },
    {
      "identity" : "rioexperimentationkit",
      "kind" : "remoteSourceControl",
      "location" : "git@github.com:RouraIO/RIOExperimentationKit.git",
      "state" : {
        "revision" : "dcb9d643b49c9e261886f075a2e9921235fbc158",
        "version" : "1.0.0"
      }
    },
    {
      "identity" : "riogooglesignin",
      "kind" : "remoteSourceControl",
      "location" : "git@github.com:RouraIO/RIOGoogleSignIn.git",
      "state" : {
        "revision" : "5c85902c171dc987158aacb64e43a18af2646a0a",
        "version" : "1.0.2"
      }
    }
  ],
  "version" : 3
}
