{
  "originHash" : "9dc08280076cae6157e31e0e8be3ea9a2e5448a2ce9c777b190c81806d7c218f",
  "pins" : [
    {
      "identity" : "rioexperimentationkit",
      "kind" : "remoteSourceControl",
      "location" : "git@github.com:RouraIO/RIOExperimentationKit.git",
      "state" : {
        "revision" : "dcb9d643b49c9e261886f075a2e9921235fbc158",
        "version" : "1.0.0"
      }
    }
  ],
  "version" : 3
}
